{
  "requires": true,
  "lockfileVersion": 1,
  "dependencies": {
    
    "react-native-android-dialog-picker": {
      "version": "0.1.0",
      "resolved": "https://registry.npmjs.org/react-native-android-dialog-picker/-/react-native-android-dialog-picker-0.1.0.tgz",
      "integrity": "sha512-4RyU+44J/u7AfMyV11EdtOd3cdGeZf4SvOrWCcOoGP4G4lHf00mSWUBSwsyaKrEklXaRcssSqSzL5uLYNE36jg=="
    }
  }
}
